// !$*UTF8*$!
{
	archiveVersion = 1;
	classes = {
	};
	objectVersion = 50;
	objects = {

/* Begin PBXBuildFile section */
		1B514517229C25FC0061C636 /* Assets.xcassets in Resources */ = {isa = PBXBuildFile; fileRef = 1B514500229C25FC0061C636 /* Assets.xcassets */; };
		1B514518229C25FC0061C636 /* LaunchScreen.storyboard in Resources */ = {isa = PBXBuildFile; fileRef = 1B514501229C25FC0061C636 /* LaunchScreen.storyboard */; };
		1B514519229C25FC0061C636 /* AppDelegate.swift in Sources */ = {isa = PBXBuildFile; fileRef = 1B514503229C25FC0061C636 /* AppDelegate.swift */; };
		1B51451A229C25FC0061C636 /* Main.storyboard in Resources */ = {isa = PBXBuildFile; fileRef = 1B514505229C25FC0061C636 /* Main.storyboard */; };
		1B51451B229C25FC0061C636 /* BlockInfo.storyboard in Resources */ = {isa = PBXBuildFile; fileRef = 1B514507229C25FC0061C636 /* BlockInfo.storyboard */; };
		1B51451C229C25FC0061C636 /* Supply.storyboard in Resources */ = {isa = PBXBuildFile; fileRef = 1B514508229C25FC0061C636 /* Supply.storyboard */; };
		1B51451D229C25FC0061C636 /* BlockList.storyboard in Resources */ = {isa = PBXBuildFile; fileRef = 1B514509229C25FC0061C636 /* BlockList.storyboard */; };
		1B51451F229C25FC0061C636 /* ViewController.swift in Sources */ = {isa = PBXBuildFile; fileRef = 1B51450C229C25FC0061C636 /* ViewController.swift */; };
		1B514520229C25FC0061C636 /* BlockDetailViewController.swift in Sources */ = {isa = PBXBuildFile; fileRef = 1B51450D229C25FC0061C636 /* BlockDetailViewController.swift */; };
		1B514521229C25FC0061C636 /* BlockInfoViewController.swift in Sources */ = {isa = PBXBuildFile; fileRef = 1B51450E229C25FC0061C636 /* BlockInfoViewController.swift */; };
		1B514522229C25FC0061C636 /* SupplyViewController.swift in Sources */ = {isa = PBXBuildFile; fileRef = 1B51450F229C25FC0061C636 /* SupplyViewController.swift */; };
		1B514523229C25FC0061C636 /* BlockDetailTableViewCell.swift in Sources */ = {isa = PBXBuildFile; fileRef = 1B514511229C25FC0061C636 /* BlockDetailTableViewCell.swift */; };
		1B514524229C25FC0061C636 /* BlockDetailTableViewCell.xib in Resources */ = {isa = PBXBuildFile; fileRef = 1B514512229C25FC0061C636 /* BlockDetailTableViewCell.xib */; };
		1B514526229C25FC0061C636 /* TableViewCell.swift in Sources */ = {isa = PBXBuildFile; fileRef = 1B514514229C25FC0061C636 /* TableViewCell.swift */; };
		1B514528229C25FC0061C636 /* TableViewCell.xib in Resources */ = {isa = PBXBuildFile; fileRef = 1B514516229C25FC0061C636 /* TableViewCell.xib */; };
		1B51452B229C26740061C636 /* ICONExample.swift in Sources */ = {isa = PBXBuildFile; fileRef = 1B51452A229C26740061C636 /* ICONExample.swift */; };
		2F3DEE3E754E6336E5D445E9 /* Pods_ICONKit_example.framework in Frameworks */ = {isa = PBXBuildFile; fileRef = 300C85882C3980C302A45E41 /* Pods_ICONKit_example.framework */; };
/* End PBXBuildFile section */

/* Begin PBXFileReference section */
		1B514500229C25FC0061C636 /* Assets.xcassets */ = {isa = PBXFileReference; lastKnownFileType = folder.assetcatalog; path = Assets.xcassets; sourceTree = "<group>"; };
		1B514502229C25FC0061C636 /* Base */ = {isa = PBXFileReference; lastKnownFileType = file.storyboard; name = Base; path = Base.lproj/LaunchScreen.storyboard; sourceTree = "<group>"; };
		1B514503229C25FC0061C636 /* AppDelegate.swift */ = {isa = PBXFileReference; fileEncoding = 4; lastKnownFileType = sourcecode.swift; path = AppDelegate.swift; sourceTree = "<group>"; };
		1B514506229C25FC0061C636 /* Base */ = {isa = PBXFileReference; lastKnownFileType = file.storyboard; name = Base; path = Base.lproj/Main.storyboard; sourceTree = "<group>"; };
		1B514507229C25FC0061C636 /* BlockInfo.storyboard */ = {isa = PBXFileReference; fileEncoding = 4; lastKnownFileType = file.storyboard; path = BlockInfo.storyboard; sourceTree = "<group>"; };
		1B514508229C25FC0061C636 /* Supply.storyboard */ = {isa = PBXFileReference; fileEncoding = 4; lastKnownFileType = file.storyboard; path = Supply.storyboard; sourceTree = "<group>"; };
		1B514509229C25FC0061C636 /* BlockList.storyboard */ = {isa = PBXFileReference; fileEncoding = 4; lastKnownFileType = file.storyboard; path = BlockList.storyboard; sourceTree = "<group>"; };
		1B51450C229C25FC0061C636 /* ViewController.swift */ = {isa = PBXFileReference; fileEncoding = 4; lastKnownFileType = sourcecode.swift; path = ViewController.swift; sourceTree = "<group>"; };
		1B51450D229C25FC0061C636 /* BlockDetailViewController.swift */ = {isa = PBXFileReference; fileEncoding = 4; lastKnownFileType = sourcecode.swift; path = BlockDetailViewController.swift; sourceTree = "<group>"; };
		1B51450E229C25FC0061C636 /* BlockInfoViewController.swift */ = {isa = PBXFileReference; fileEncoding = 4; lastKnownFileType = sourcecode.swift; path = BlockInfoViewController.swift; sourceTree = "<group>"; };
		1B51450F229C25FC0061C636 /* SupplyViewController.swift */ = {isa = PBXFileReference; fileEncoding = 4; lastKnownFileType = sourcecode.swift; path = SupplyViewController.swift; sourceTree = "<group>"; };
		1B514511229C25FC0061C636 /* BlockDetailTableViewCell.swift */ = {isa = PBXFileReference; fileEncoding = 4; lastKnownFileType = sourcecode.swift; path = BlockDetailTableViewCell.swift; sourceTree = "<group>"; };
		1B514512229C25FC0061C636 /* BlockDetailTableViewCell.xib */ = {isa = PBXFileReference; fileEncoding = 4; lastKnownFileType = file.xib; path = BlockDetailTableViewCell.xib; sourceTree = "<group>"; };
		1B514514229C25FC0061C636 /* TableViewCell.swift */ = {isa = PBXFileReference; fileEncoding = 4; lastKnownFileType = sourcecode.swift; path = TableViewCell.swift; sourceTree = "<group>"; };
		1B514516229C25FC0061C636 /* TableViewCell.xib */ = {isa = PBXFileReference; fileEncoding = 4; lastKnownFileType = file.xib; path = TableViewCell.xib; sourceTree = "<group>"; };
		1B51452A229C26740061C636 /* ICONExample.swift */ = {isa = PBXFileReference; fileEncoding = 4; lastKnownFileType = sourcecode.swift; path = ICONExample.swift; sourceTree = "<group>"; };
		300C85882C3980C302A45E41 /* Pods_ICONKit_example.framework */ = {isa = PBXFileReference; explicitFileType = wrapper.framework; includeInIndex = 0; path = Pods_ICONKit_example.framework; sourceTree = BUILT_PRODUCTS_DIR; };
		D4DE9A15218AC07300126CAD /* ICONKit-example.app */ = {isa = PBXFileReference; explicitFileType = wrapper.application; includeInIndex = 0; path = "ICONKit-example.app"; sourceTree = BUILT_PRODUCTS_DIR; };
		D4DE9A24218AC07400126CAD /* Info.plist */ = {isa = PBXFileReference; lastKnownFileType = text.plist.xml; path = Info.plist; sourceTree = "<group>"; };
		E2D0CC53526824767CB1718F /* Pods-ICONKit-example.debug.xcconfig */ = {isa = PBXFileReference; includeInIndex = 1; lastKnownFileType = text.xcconfig; name = "Pods-ICONKit-example.debug.xcconfig"; path = "Target Support Files/Pods-ICONKit-example/Pods-ICONKit-example.debug.xcconfig"; sourceTree = "<group>"; };
		FD957162EBC4305BB04610C5 /* Pods-ICONKit-example.release.xcconfig */ = {isa = PBXFileReference; includeInIndex = 1; lastKnownFileType = text.xcconfig; name = "Pods-ICONKit-example.release.xcconfig"; path = "Target Support Files/Pods-ICONKit-example/Pods-ICONKit-example.release.xcconfig"; sourceTree = "<group>"; };
/* End PBXFileReference section */

/* Begin PBXFrameworksBuildPhase section */
		D4DE9A12218AC07300126CAD /* Frameworks */ = {
			isa = PBXFrameworksBuildPhase;
			buildActionMask = 2147483647;
			files = (
				2F3DEE3E754E6336E5D445E9 /* Pods_ICONKit_example.framework in Frameworks */,
			);
			runOnlyForDeploymentPostprocessing = 0;
		};
/* End PBXFrameworksBuildPhase section */

/* Begin PBXGroup section */
		1B5144FF229C25FC0061C636 /* Supporting Files */ = {
			isa = PBXGroup;
			children = (
				1B514500229C25FC0061C636 /* Assets.xcassets */,
				1B514501229C25FC0061C636 /* LaunchScreen.storyboard */,
				1B514503229C25FC0061C636 /* AppDelegate.swift */,
			);
			path = "Supporting Files";
			sourceTree = "<group>";
		};
		1B514504229C25FC0061C636 /* StoryBoards */ = {
			isa = PBXGroup;
			children = (
				1B514505229C25FC0061C636 /* Main.storyboard */,
				1B514509229C25FC0061C636 /* BlockList.storyboard */,
				1B514507229C25FC0061C636 /* BlockInfo.storyboard */,
				1B514508229C25FC0061C636 /* Supply.storyboard */,
			);
			path = StoryBoards;
			sourceTree = "<group>";
		};
		1B51450B229C25FC0061C636 /* ViewControllers */ = {
			isa = PBXGroup;
			children = (
				1B51450C229C25FC0061C636 /* ViewController.swift */,
				1B51450D229C25FC0061C636 /* BlockDetailViewController.swift */,
				1B51450E229C25FC0061C636 /* BlockInfoViewController.swift */,
				1B51450F229C25FC0061C636 /* SupplyViewController.swift */,
			);
			path = ViewControllers;
			sourceTree = "<group>";
		};
		1B514510229C25FC0061C636 /* Views */ = {
			isa = PBXGroup;
			children = (
				1B514514229C25FC0061C636 /* TableViewCell.swift */,
				1B514516229C25FC0061C636 /* TableViewCell.xib */,
				1B514511229C25FC0061C636 /* BlockDetailTableViewCell.swift */,
				1B514512229C25FC0061C636 /* BlockDetailTableViewCell.xib */,
			);
			path = Views;
			sourceTree = "<group>";
		};
		4E253737BA4A11F75E14779D /* Frameworks */ = {
			isa = PBXGroup;
			children = (
				300C85882C3980C302A45E41 /* Pods_ICONKit_example.framework */,
			);
			name = Frameworks;
			sourceTree = "<group>";
		};
		B743757E3E4B1D517EDF8662 /* Pods */ = {
			isa = PBXGroup;
			children = (
				E2D0CC53526824767CB1718F /* Pods-ICONKit-example.debug.xcconfig */,
				FD957162EBC4305BB04610C5 /* Pods-ICONKit-example.release.xcconfig */,
			);
			path = Pods;
			sourceTree = "<group>";
		};
		D4DE9A0C218AC07300126CAD = {
			isa = PBXGroup;
			children = (
				D4DE9A17218AC07300126CAD /* ICONKit-example */,
				D4DE9A16218AC07300126CAD /* Products */,
				B743757E3E4B1D517EDF8662 /* Pods */,
				4E253737BA4A11F75E14779D /* Frameworks */,
			);
			sourceTree = "<group>";
		};
		D4DE9A16218AC07300126CAD /* Products */ = {
			isa = PBXGroup;
			children = (
				D4DE9A15218AC07300126CAD /* ICONKit-example.app */,
			);
			name = Products;
			sourceTree = "<group>";
		};
		D4DE9A17218AC07300126CAD /* ICONKit-example */ = {
			isa = PBXGroup;
			children = (
				1B514504229C25FC0061C636 /* StoryBoards */,
				1B51450B229C25FC0061C636 /* ViewControllers */,
				1B514510229C25FC0061C636 /* Views */,
				1B5144FF229C25FC0061C636 /* Supporting Files */,
				1B51452A229C26740061C636 /* ICONExample.swift */,
				D4DE9A24218AC07400126CAD /* Info.plist */,
			);
			path = "ICONKit-example";
			sourceTree = "<group>";
		};
/* End PBXGroup section */

/* Begin PBXNativeTarget section */
		D4DE9A14218AC07300126CAD /* ICONKit-example */ = {
			isa = PBXNativeTarget;
			buildConfigurationList = D4DE9A27218AC07400126CAD /* Build configuration list for PBXNativeTarget "ICONKit-example" */;
			buildPhases = (
				865D5418C17624FEEFFF7CF3 /* [CP] Check Pods Manifest.lock */,
				D4DE9A11218AC07300126CAD /* Sources */,
				D4DE9A12218AC07300126CAD /* Frameworks */,
				D4DE9A13218AC07300126CAD /* Resources */,
				BE703DA7168CEB23E674F451 /* [CP] Embed Pods Frameworks */,
			);
			buildRules = (
			);
			dependencies = (
			);
			name = "ICONKit-example";
			productName = "ICONKit-example";
			productReference = D4DE9A15218AC07300126CAD /* ICONKit-example.app */;
			productType = "com.apple.product-type.application";
		};
/* End PBXNativeTarget section */

/* Begin PBXProject section */
		D4DE9A0D218AC07300126CAD /* Project object */ = {
			isa = PBXProject;
			attributes = {
				LastSwiftUpdateCheck = 1010;
				LastUpgradeCheck = 1000;
				ORGANIZATIONNAME = "ICON Foundation";
				TargetAttributes = {
					D4DE9A14218AC07300126CAD = {
						CreatedOnToolsVersion = 10.0;
						LastSwiftMigration = 1020;
					};
				};
			};
			buildConfigurationList = D4DE9A10218AC07300126CAD /* Build configuration list for PBXProject "ICONKit-example" */;
			compatibilityVersion = "Xcode 9.3";
			developmentRegion = en;
			hasScannedForEncodings = 0;
			knownRegions = (
				en,
				Base,
			);
			mainGroup = D4DE9A0C218AC07300126CAD;
			productRefGroup = D4DE9A16218AC07300126CAD /* Products */;
			projectDirPath = "";
			projectRoot = "";
			targets = (
				D4DE9A14218AC07300126CAD /* ICONKit-example */,
			);
		};
/* End PBXProject section */

/* Begin PBXResourcesBuildPhase section */
		D4DE9A13218AC07300126CAD /* Resources */ = {
			isa = PBXResourcesBuildPhase;
			buildActionMask = 2147483647;
			files = (
				1B51451A229C25FC0061C636 /* Main.storyboard in Resources */,
				1B514517229C25FC0061C636 /* Assets.xcassets in Resources */,
				1B514524229C25FC0061C636 /* BlockDetailTableViewCell.xib in Resources */,
				1B51451D229C25FC0061C636 /* BlockList.storyboard in Resources */,
				1B514528229C25FC0061C636 /* TableViewCell.xib in Resources */,
				1B51451B229C25FC0061C636 /* BlockInfo.storyboard in Resources */,
				1B514518229C25FC0061C636 /* LaunchScreen.storyboard in Resources */,
				1B51451C229C25FC0061C636 /* Supply.storyboard in Resources */,
			);
			runOnlyForDeploymentPostprocessing = 0;
		};
/* End PBXResourcesBuildPhase section */

/* Begin PBXShellScriptBuildPhase section */
		865D5418C17624FEEFFF7CF3 /* [CP] Check Pods Manifest.lock */ = {
			isa = PBXShellScriptBuildPhase;
			buildActionMask = 2147483647;
			files = (
			);
			inputFileListPaths = (
			);
			inputPaths = (
				"${PODS_PODFILE_DIR_PATH}/Podfile.lock",
				"${PODS_ROOT}/Manifest.lock",
			);
			name = "[CP] Check Pods Manifest.lock";
			outputFileListPaths = (
			);
			outputPaths = (
				"$(DERIVED_FILE_DIR)/Pods-ICONKit-example-checkManifestLockResult.txt",
			);
			runOnlyForDeploymentPostprocessing = 0;
			shellPath = /bin/sh;
			shellScript = "diff \"${PODS_PODFILE_DIR_PATH}/Podfile.lock\" \"${PODS_ROOT}/Manifest.lock\" > /dev/null\nif [ $? != 0 ] ; then\n    # print error to STDERR\n    echo \"error: The sandbox is not in sync with the Podfile.lock. Run 'pod install' or update your CocoaPods installation.\" >&2\n    exit 1\nfi\n# This output is used by Xcode 'outputs' to avoid re-running this script phase.\necho \"SUCCESS\" > \"${SCRIPT_OUTPUT_FILE_0}\"\n";
			showEnvVarsInLog = 0;
		};
		BE703DA7168CEB23E674F451 /* [CP] Embed Pods Frameworks */ = {
			isa = PBXShellScriptBuildPhase;
			buildActionMask = 2147483647;
			files = (
			);
			inputFileListPaths = (
			);
			inputPaths = (
				"${PODS_ROOT}/Target Support Files/Pods-ICONKit-example/Pods-ICONKit-example-frameworks.sh",
				"${BUILT_PRODUCTS_DIR}/BigInt/BigInt.framework",
				"${BUILT_PRODUCTS_DIR}/CryptoSwift/CryptoSwift.framework",
				"${BUILT_PRODUCTS_DIR}/ICONKit/ICONKit.framework",
				"${BUILT_PRODUCTS_DIR}/Result/Result.framework",
				"${BUILT_PRODUCTS_DIR}/SipHash/SipHash.framework",
				"${BUILT_PRODUCTS_DIR}/scrypt/scrypt.framework",
				"${BUILT_PRODUCTS_DIR}/secp256k1_ios/secp256k1_ios.framework",
			);
			name = "[CP] Embed Pods Frameworks";
			outputFileListPaths = (
			);
			outputPaths = (
				"${TARGET_BUILD_DIR}/${FRAMEWORKS_FOLDER_PATH}/BigInt.framework",
				"${TARGET_BUILD_DIR}/${FRAMEWORKS_FOLDER_PATH}/CryptoSwift.framework",
				"${TARGET_BUILD_DIR}/${FRAMEWORKS_FOLDER_PATH}/ICONKit.framework",
				"${TARGET_BUILD_DIR}/${FRAMEWORKS_FOLDER_PATH}/Result.framework",
				"${TARGET_BUILD_DIR}/${FRAMEWORKS_FOLDER_PATH}/SipHash.framework",
				"${TARGET_BUILD_DIR}/${FRAMEWORKS_FOLDER_PATH}/scrypt.framework",
				"${TARGET_BUILD_DIR}/${FRAMEWORKS_FOLDER_PATH}/secp256k1_ios.framework",
			);
			runOnlyForDeploymentPostprocessing = 0;
			shellPath = /bin/sh;
			shellScript = "\"${PODS_ROOT}/Target Support Files/Pods-ICONKit-example/Pods-ICONKit-example-frameworks.sh\"\n";
			showEnvVarsInLog = 0;
		};
/* End PBXShellScriptBuildPhase section */

/* Begin PBXSourcesBuildPhase section */
		D4DE9A11218AC07300126CAD /* Sources */ = {
			isa = PBXSourcesBuildPhase;
			buildActionMask = 2147483647;
			files = (
				1B51451F229C25FC0061C636 /* ViewController.swift in Sources */,
				1B51452B229C26740061C636 /* ICONExample.swift in Sources */,
				1B514519229C25FC0061C636 /* AppDelegate.swift in Sources */,
				1B514526229C25FC0061C636 /* TableViewCell.swift in Sources */,
				1B514523229C25FC0061C636 /* BlockDetailTableViewCell.swift in Sources */,
				1B514521229C25FC0061C636 /* BlockInfoViewController.swift in Sources */,
				1B514520229C25FC0061C636 /* BlockDetailViewController.swift in Sources */,
				1B514522229C25FC0061C636 /* SupplyViewController.swift in Sources */,
			);
			runOnlyForDeploymentPostprocessing = 0;
		};
/* End PBXSourcesBuildPhase section */

/* Begin PBXVariantGroup section */
		1B514501229C25FC0061C636 /* LaunchScreen.storyboard */ = {
			isa = PBXVariantGroup;
			children = (
				1B514502229C25FC0061C636 /* Base */,
			);
			name = LaunchScreen.storyboard;
			sourceTree = "<group>";
		};
		1B514505229C25FC0061C636 /* Main.storyboard */ = {
			isa = PBXVariantGroup;
			children = (
				1B514506229C25FC0061C636 /* Base */,
			);
			name = Main.storyboard;
			sourceTree = "<group>";
		};
/* End PBXVariantGroup section */

/* Begin XCBuildConfiguration section */
		D4DE9A25218AC07400126CAD /* Debug */ = {
			isa = XCBuildConfiguration;
			buildSettings = {
				ALWAYS_SEARCH_USER_PATHS = NO;
				CLANG_ANALYZER_NONNULL = YES;
				CLANG_ANALYZER_NUMBER_OBJECT_CONVERSION = YES_AGGRESSIVE;
				CLANG_CXX_LANGUAGE_STANDARD = "gnu++14";
				CLANG_CXX_LIBRARY = "libc++";
				CLANG_ENABLE_MODULES = YES;
				CLANG_ENABLE_OBJC_ARC = YES;
				CLANG_ENABLE_OBJC_WEAK = YES;
				CLANG_WARN_BLOCK_CAPTURE_AUTORELEASING = YES;
				CLANG_WARN_BOOL_CONVERSION = YES;
				CLANG_WARN_COMMA = YES;
				CLANG_WARN_CONSTANT_CONVERSION = YES;
				CLANG_WARN_DEPRECATED_OBJC_IMPLEMENTATIONS = YES;
				CLANG_WARN_DIRECT_OBJC_ISA_USAGE = YES_ERROR;
				CLANG_WARN_DOCUMENTATION_COMMENTS = YES;
				CLANG_WARN_EMPTY_BODY = YES;
				CLANG_WARN_ENUM_CONVERSION = YES;
				CLANG_WARN_INFINITE_RECURSION = YES;
				CLANG_WARN_INT_CONVERSION = YES;
				CLANG_WARN_NON_LITERAL_NULL_CONVERSION = YES;
				CLANG_WARN_OBJC_IMPLICIT_RETAIN_SELF = YES;
				CLANG_WARN_OBJC_LITERAL_CONVERSION = YES;
				CLANG_WARN_OBJC_ROOT_CLASS = YES_ERROR;
				CLANG_WARN_RANGE_LOOP_ANALYSIS = YES;
				CLANG_WARN_STRICT_PROTOTYPES = YES;
				CLANG_WARN_SUSPICIOUS_MOVE = YES;
				CLANG_WARN_UNGUARDED_AVAILABILITY = YES_AGGRESSIVE;
				CLANG_WARN_UNREACHABLE_CODE = YES;
				CLANG_WARN__DUPLICATE_METHOD_MATCH = YES;
				CODE_SIGN_IDENTITY = "iPhone Developer";
				COPY_PHASE_STRIP = NO;
				DEBUG_INFORMATION_FORMAT = dwarf;
				ENABLE_STRICT_OBJC_MSGSEND = YES;
				ENABLE_TESTABILITY = YES;
				GCC_C_LANGUAGE_STANDARD = gnu11;
				GCC_DYNAMIC_NO_PIC = NO;
				GCC_NO_COMMON_BLOCKS = YES;
				GCC_OPTIMIZATION_LEVEL = 0;
				GCC_PREPROCESSOR_DEFINITIONS = (
					"DEBUG=1",
					"$(inherited)",
				);
				GCC_WARN_64_TO_32_BIT_CONVERSION = YES;
				GCC_WARN_ABOUT_RETURN_TYPE = YES_ERROR;
				GCC_WARN_UNDECLARED_SELECTOR = YES;
				GCC_WARN_UNINITIALIZED_AUTOS = YES_AGGRESSIVE;
				GCC_WARN_UNUSED_FUNCTION = YES;
				GCC_WARN_UNUSED_VARIABLE = YES;
				IPHONEOS_DEPLOYMENT_TARGET = 12.0;
				MTL_ENABLE_DEBUG_INFO = INCLUDE_SOURCE;
				MTL_FAST_MATH = YES;
				ONLY_ACTIVE_ARCH = NO;
				SDKROOT = iphoneos;
				SWIFT_ACTIVE_COMPILATION_CONDITIONS = DEBUG;
				SWIFT_OPTIMIZATION_LEVEL = "-Onone";
			};
			name = Debug;
		};
		D4DE9A26218AC07400126CAD /* Release */ = {
			isa = XCBuildConfiguration;
			buildSettings = {
				ALWAYS_SEARCH_USER_PATHS = NO;
				CLANG_ANALYZER_NONNULL = YES;
				CLANG_ANALYZER_NUMBER_OBJECT_CONVERSION = YES_AGGRESSIVE;
				CLANG_CXX_LANGUAGE_STANDARD = "gnu++14";
				CLANG_CXX_LIBRARY = "libc++";
				CLANG_ENABLE_MODULES = YES;
				CLANG_ENABLE_OBJC_ARC = YES;
				CLANG_ENABLE_OBJC_WEAK = YES;
				CLANG_WARN_BLOCK_CAPTURE_AUTORELEASING = YES;
				CLANG_WARN_BOOL_CONVERSION = YES;
				CLANG_WARN_COMMA = YES;
				CLANG_WARN_CONSTANT_CONVERSION = YES;
				CLANG_WARN_DEPRECATED_OBJC_IMPLEMENTATIONS = YES;
				CLANG_WARN_DIRECT_OBJC_ISA_USAGE = YES_ERROR;
				CLANG_WARN_DOCUMENTATION_COMMENTS = YES;
				CLANG_WARN_EMPTY_BODY = YES;
				CLANG_WARN_ENUM_CONVERSION = YES;
				CLANG_WARN_INFINITE_RECURSION = YES;
				CLANG_WARN_INT_CONVERSION = YES;
				CLANG_WARN_NON_LITERAL_NULL_CONVERSION = YES;
				CLANG_WARN_OBJC_IMPLICIT_RETAIN_SELF = YES;
				CLANG_WARN_OBJC_LITERAL_CONVERSION = YES;
				CLANG_WARN_OBJC_ROOT_CLASS = YES_ERROR;
				CLANG_WARN_RANGE_LOOP_ANALYSIS = YES;
				CLANG_WARN_STRICT_PROTOTYPES = YES;
				CLANG_WARN_SUSPICIOUS_MOVE = YES;
				CLANG_WARN_UNGUARDED_AVAILABILITY = YES_AGGRESSIVE;
				CLANG_WARN_UNREACHABLE_CODE = YES;
				CLANG_WARN__DUPLICATE_METHOD_MATCH = YES;
				CODE_SIGN_IDENTITY = "iPhone Developer";
				COPY_PHASE_STRIP = NO;
				DEBUG_INFORMATION_FORMAT = "dwarf-with-dsym";
				ENABLE_NS_ASSERTIONS = NO;
				ENABLE_STRICT_OBJC_MSGSEND = YES;
				GCC_C_LANGUAGE_STANDARD = gnu11;
				GCC_NO_COMMON_BLOCKS = YES;
				GCC_WARN_64_TO_32_BIT_CONVERSION = YES;
				GCC_WARN_ABOUT_RETURN_TYPE = YES_ERROR;
				GCC_WARN_UNDECLARED_SELECTOR = YES;
				GCC_WARN_UNINITIALIZED_AUTOS = YES_AGGRESSIVE;
				GCC_WARN_UNUSED_FUNCTION = YES;
				GCC_WARN_UNUSED_VARIABLE = YES;
				IPHONEOS_DEPLOYMENT_TARGET = 12.0;
				MTL_ENABLE_DEBUG_INFO = NO;
				MTL_FAST_MATH = YES;
				ONLY_ACTIVE_ARCH = NO;
				SDKROOT = iphoneos;
				SWIFT_COMPILATION_MODE = wholemodule;
				SWIFT_OPTIMIZATION_LEVEL = "-O";
				VALIDATE_PRODUCT = YES;
			};
			name = Release;
		};
		D4DE9A28218AC07400126CAD /* Debug */ = {
			isa = XCBuildConfiguration;
			baseConfigurationReference = E2D0CC53526824767CB1718F /* Pods-ICONKit-example.debug.xcconfig */;
			buildSettings = {
				ASSETCATALOG_COMPILER_APPICON_NAME = AppIcon;
				CLANG_ENABLE_MODULES = YES;
				CODE_SIGN_IDENTITY = "iPhone Developer";
				CODE_SIGN_STYLE = Automatic;
				DEVELOPMENT_TEAM = BX5JP2585T;
				INFOPLIST_FILE = "ICONKit-example/Info.plist";
				IPHONEOS_DEPLOYMENT_TARGET = 10.0;
				LD_RUNPATH_SEARCH_PATHS = (
					"$(inherited)",
					"@executable_path/Frameworks",
				);
				ONLY_ACTIVE_ARCH = YES;
				PRODUCT_BUNDLE_IDENTIFIER = "iconf.foundation.ICONKit-example";
				PRODUCT_NAME = "$(TARGET_NAME)";
				PROVISIONING_PROFILE_SPECIFIER = "";
				SWIFT_OPTIMIZATION_LEVEL = "-Onone";
				SWIFT_VERSION = 4.2;
				TARGETED_DEVICE_FAMILY = 1;
			};
			name = Debug;
		};
		D4DE9A29218AC07400126CAD /* Release */ = {
			isa = XCBuildConfiguration;
			baseConfigurationReference = FD957162EBC4305BB04610C5 /* Pods-ICONKit-example.release.xcconfig */;
			buildSettings = {
				ASSETCATALOG_COMPILER_APPICON_NAME = AppIcon;
				CLANG_ENABLE_MODULES = YES;
				CODE_SIGN_IDENTITY = "iPhone Developer";
				CODE_SIGN_STYLE = Automatic;
				DEVELOPMENT_TEAM = BX5JP2585T;
				INFOPLIST_FILE = "ICONKit-example/Info.plist";
				IPHONEOS_DEPLOYMENT_TARGET = 10.0;
				LD_RUNPATH_SEARCH_PATHS = (
					"$(inherited)",
					"@executable_path/Frameworks",
				);
				ONLY_ACTIVE_ARCH = YES;
				PRODUCT_BUNDLE_IDENTIFIER = "iconf.foundation.ICONKit-example";
				PRODUCT_NAME = "$(TARGET_NAME)";
				PROVISIONING_PROFILE_SPECIFIER = "";
				SWIFT_VERSION = 4.2;
				TARGETED_DEVICE_FAMILY = 1;
			};
			name = Release;
		};
/* End XCBuildConfiguration section */

/* Begin XCConfigurationList section */
		D4DE9A10218AC07300126CAD /* Build configuration list for PBXProject "ICONKit-example" */ = {
			isa = XCConfigurationList;
			buildConfigurations = (
				D4DE9A25218AC07400126CAD /* Debug */,
				D4DE9A26218AC07400126CAD /* Release */,
			);
			defaultConfigurationIsVisible = 0;
			defaultConfigurationName = Debug;
		};
		D4DE9A27218AC07400126CAD /* Build configuration list for PBXNativeTarget "ICONKit-example" */ = {
			isa = XCConfigurationList;
			buildConfigurations = (
				D4DE9A28218AC07400126CAD /* Debug */,
				D4DE9A29218AC07400126CAD /* Release */,
			);
			defaultConfigurationIsVisible = 0;
			defaultConfigurationName = Debug;
		};
/* End XCConfigurationList section */
	};
	rootObject = D4DE9A0D218AC07300126CAD /* Project object */;
}
